// !$*UTF8*$!
{
	archiveVersion = 1;
	classes = {
	};
	objectVersion = 77;
	objects = {

/* Begin PBXBuildFile section */
		98B2BE922FC7E64F00562FCA /* GRDB in Frameworks */ = {isa = PBXBuildFile; productRef = 98B2BE912FC7E64F00562FCA /* GRDB */; };
		98B2BE952FC7E6A600562FCA /* Auth in Frameworks */ = {isa = PBXBuildFile; productRef = 98B2BE942FC7E6A600562FCA /* Auth */; };
		98B2BE972FC7E6A600562FCA /* PostgREST in Frameworks */ = {isa = PBXBuildFile; productRef = 98B2BE962FC7E6A600562FCA /* PostgREST */; };
		98B2BE992FC7E6A600562FCA /* Supabase in Frameworks */ = {isa = PBXBuildFile; productRef = 98B2BE982FC7E6A600562FCA /* Supabase */; };
		98B2C0A52FC925C700562FCA /* Storage in Frameworks */ = {isa = PBXBuildFile; productRef = 98B2C0A42FC925C700562FCA /* Storage */; };
/* End PBXBuildFile section */

/* Begin PBXFileReference section */
		98B2BE822FC7DB4C00562FCA /* OfflineSupportForSupabase.app */ = {isa = PBXFileReference; explicitFileType = wrapper.application; includeInIndex = 0; path = OfflineSupportForSupabase.app; sourceTree = BUILT_PRODUCTS_DIR; };
		98B2C8B52FCBDA2F00562FCA /* README.md */ = {isa = PBXFileReference; lastKnownFileType = net.daringfireball.markdown; path = README.md; sourceTree = "<group>"; };
		98B2C9062FCCF7CB00562FCA /* supabase.sql */ = {isa = PBXFileReference; lastKnownFileType = text; path = supabase.sql; sourceTree = "<group>"; };
		98B2C90C2FCD350800562FCA /* demo.gif */ = {isa = PBXFileReference; lastKnownFileType = image.gif; path = demo.gif; sourceTree = "<group>"; };
/* End PBXFileReference section */

/* Begin PBXFileSystemSynchronizedRootGroup section */
		98B2BE842FC7DB4C00562FCA /* OfflineSupportForSupabase */ = {
			isa = PBXFileSystemSynchronizedRootGroup;
			explicitFolders = (
				Migrations,
			);
			path = OfflineSupportForSupabase;
			sourceTree = "<group>";
		};
/* End PBXFileSystemSynchronizedRootGroup section */

/* Begin PBXFrameworksBuildPhase section */
		98B2BE7F2FC7DB4C00562FCA /* Frameworks */ = {
			isa = PBXFrameworksBuildPhase;
			buildActionMask = 2147483647;
			files = (
				98B2BE992FC7E6A600562FCA /* Supabase in Frameworks */,
				98B2BE972FC7E6A600562FCA /* PostgREST in Frameworks */,
				98B2BE952FC7E6A600562FCA /* Auth in Frameworks */,
				98B2C0A52FC925C700562FCA /* Storage in Frameworks */,
				98B2BE922FC7E64F00562FCA /* GRDB in Frameworks */,
			);
			runOnlyForDeploymentPostprocessing = 0;
		};
/* End PBXFrameworksBuildPhase section */

/* Begin PBXGroup section */
		98B2BE792FC7DB4C00562FCA = {
			isa = PBXGroup;
			children = (
				98B2C9062FCCF7CB00562FCA /* supabase.sql */,
				98B2C8B52FCBDA2F00562FCA /* README.md */,
				98B2C90C2FCD350800562FCA /* demo.gif */,
				98B2BE842FC7DB4C00562FCA /* OfflineSupportForSupabase */,
				98B2C0A32FC925C700562FCA /* Frameworks */,
				98B2BE832FC7DB4C00562FCA /* Products */,
			);
			sourceTree = "<group>";
		};
		98B2BE832FC7DB4C00562FCA /* Products */ = {
			isa = PBXGroup;
			children = (
				98B2BE822FC7DB4C00562FCA /* OfflineSupportForSupabase.app */,
			);
			name = Products;
			sourceTree = "<group>";
		};
		98B2C0A32FC925C700562FCA /* Frameworks */ = {
			isa = PBXGroup;
			children = (
			);
			name = Frameworks;
			sourceTree = "<group>";
		};
/* End PBXGroup section */

/* Begin PBXNativeTarget section */
		98B2BE812FC7DB4C00562FCA /* OfflineSupportForSupabase */ = {
			isa = PBXNativeTarget;
			buildConfigurationList = 98B2BE8D2FC7DB4D00562FCA /* Build configuration list for PBXNativeTarget "OfflineSupportForSupabase" */;
			buildPhases = (
				98B2BE7E2FC7DB4C00562FCA /* Sources */,
				98B2BE7F2FC7DB4C00562FCA /* Frameworks */,
				98B2BE802FC7DB4C00562FCA /* Resources */,
			);
			buildRules = (
			);
			dependencies = (
			);
			fileSystemSynchronizedGroups = (
				98B2BE842FC7DB4C00562FCA /* OfflineSupportForSupabase */,
			);
			name = OfflineSupportForSupabase;
			packageProductDependencies = (
				98B2BE912FC7E64F00562FCA /* GRDB */,
				98B2BE942FC7E6A600562FCA /* Auth */,
				98B2BE962FC7E6A600562FCA /* PostgREST */,
				98B2BE982FC7E6A600562FCA /* Supabase */,
				98B2C0A42FC925C700562FCA /* Storage */,
			);
			productName = OfflineSupportForSupabase;
			productReference = 98B2BE822FC7DB4C00562FCA /* OfflineSupportForSupabase.app */;
			productType = "com.apple.product-type.application";
		};
/* End PBXNativeTarget section */

/* Begin PBXProject section */
		98B2BE7A2FC7DB4C00562FCA /* Project object */ = {
			isa = PBXProject;
			attributes = {
				BuildIndependentTargetsInParallel = 1;
				LastSwiftUpdateCheck = 2650;
				LastUpgradeCheck = 2650;
				TargetAttributes = {
					98B2BE812FC7DB4C00562FCA = {
						CreatedOnToolsVersion = 26.5;
					};
				};
			};
			buildConfigurationList = 98B2BE7D2FC7DB4C00562FCA /* Build configuration list for PBXProject "OfflineSupportForSupabase" */;
			developmentRegion = en;
			hasScannedForEncodings = 0;
			knownRegions = (
				en,
				Base,
			);
			mainGroup = 98B2BE792FC7DB4C00562FCA;
			minimizedProjectReferenceProxies = 1;
			packageReferences = (
				98B2BE902FC7E64F00562FCA /* XCRemoteSwiftPackageReference "GRDB.swift" */,
				98B2BE932FC7E6A600562FCA /* XCRemoteSwiftPackageReference "supabase-swift" */,
			);
			preferredProjectObjectVersion = 77;
			productRefGroup = 98B2BE832FC7DB4C00562FCA /* Products */;
			projectDirPath = "";
			projectRoot = "";
			targets = (
				98B2BE812FC7DB4C00562FCA /* OfflineSupportForSupabase */,
			);
		};
/* End PBXProject section */

/* Begin PBXResourcesBuildPhase section */
		98B2BE802FC7DB4C00562FCA /* Resources */ = {
			isa = PBXResourcesBuildPhase;
			buildActionMask = 2147483647;
			files = (
			);
			runOnlyForDeploymentPostprocessing = 0;
		};
/* End PBXResourcesBuildPhase section */

/* Begin PBXSourcesBuildPhase section */
		98B2BE7E2FC7DB4C00562FCA /* Sources */ = {
			isa = PBXSourcesBuildPhase;
			buildActionMask = 2147483647;
			files = (
			);
			runOnlyForDeploymentPostprocessing = 0;
		};
/* End PBXSourcesBuildPhase section */

/* Begin XCBuildConfiguration section */
		98B2BE8B2FC7DB4D00562FCA /* Debug */ = {
			isa = XCBuildConfiguration;
			buildSettings = {
				ALWAYS_SEARCH_USER_PATHS = NO;
				ASSETCATALOG_COMPILER_GENERATE_SWIFT_ASSET_SYMBOL_EXTENSIONS = YES;
				CLANG_ANALYZER_NONNULL = YES;
				CLANG_ANALYZER_NUMBER_OBJECT_CONVERSION = YES_AGGRESSIVE;
				CLANG_CXX_LANGUAGE_STANDARD = "gnu++20";
				CLANG_ENABLE_MODULES = YES;
				CLANG_ENABLE_OBJC_ARC = YES;
				CLANG_ENABLE_OBJC_WEAK = YES;
				CLANG_WARN_BLOCK_CAPTURE_AUTORELEASING = YES;
				CLANG_WARN_BOOL_CONVERSION = YES;
				CLANG_WARN_COMMA = YES;
				CLANG_WARN_CONSTANT_CONVERSION = YES;
				CLANG_WARN_DEPRECATED_OBJC_IMPLEMENTATIONS = YES;
				CLANG_WARN_DIRECT_OBJC_ISA_USAGE = YES_ERROR;
				CLANG_WARN_DOCUMENTATION_COMMENTS = YES;
				CLANG_WARN_EMPTY_BODY = YES;
				CLANG_WARN_ENUM_CONVERSION = YES;
				CLANG_WARN_INFINITE_RECURSION = YES;
				CLANG_WARN_INT_CONVERSION = YES;
				CLANG_WARN_NON_LITERAL_NULL_CONVERSION = YES;
				CLANG_WARN_OBJC_IMPLICIT_RETAIN_SELF = YES;
				CLANG_WARN_OBJC_LITERAL_CONVERSION = YES;
				CLANG_WARN_OBJC_ROOT_CLASS = YES_ERROR;
				CLANG_WARN_QUOTED_INCLUDE_IN_FRAMEWORK_HEADER = YES;
				CLANG_WARN_RANGE_LOOP_ANALYSIS = YES;
				CLANG_WARN_STRICT_PROTOTYPES = YES;
				CLANG_WARN_SUSPICIOUS_MOVE = YES;
				CLANG_WARN_UNGUARDED_AVAILABILITY = YES_AGGRESSIVE;
				CLANG_WARN_UNREACHABLE_CODE = YES;
				CLANG_WARN__DUPLICATE_METHOD_MATCH = YES;
				COPY_PHASE_STRIP = NO;
				DEBUG_INFORMATION_FORMAT = dwarf;
				DEVELOPMENT_TEAM = NLTYK5T6U3;
				ENABLE_STRICT_OBJC_MSGSEND = YES;
				ENABLE_TESTABILITY = YES;
				ENABLE_USER_SCRIPT_SANDBOXING = YES;
				GCC_C_LANGUAGE_STANDARD = gnu17;
				GCC_DYNAMIC_NO_PIC = NO;
				GCC_NO_COMMON_BLOCKS = YES;
				GCC_OPTIMIZATION_LEVEL = 0;
				GCC_PREPROCESSOR_DEFINITIONS = (
					"DEBUG=1",
					"$(inherited)",
				);
				GCC_WARN_64_TO_32_BIT_CONVERSION = YES;
				GCC_WARN_ABOUT_RETURN_TYPE = YES_ERROR;
				GCC_WARN_UNDECLARED_SELECTOR = YES;
				GCC_WARN_UNINITIALIZED_AUTOS = YES_AGGRESSIVE;
				GCC_WARN_UNUSED_FUNCTION = YES;
				GCC_WARN_UNUSED_VARIABLE = YES;
				IPHONEOS_DEPLOYMENT_TARGET = 26.5;
				LOCALIZATION_PREFERS_STRING_CATALOGS = YES;
				MTL_ENABLE_DEBUG_INFO = INCLUDE_SOURCE;
				MTL_FAST_MATH = YES;
				ONLY_ACTIVE_ARCH = YES;
				SDKROOT = iphoneos;
				SWIFT_ACTIVE_COMPILATION_CONDITIONS = "DEBUG $(inherited)";
				SWIFT_OPTIMIZATION_LEVEL = "-Onone";
			};
			name = Debug;
		};
		98B2BE8C2FC7DB4D00562FCA /* Release */ = {
			isa = XCBuildConfiguration;
			buildSettings = {
				ALWAYS_SEARCH_USER_PATHS = NO;
				ASSETCATALOG_COMPILER_GENERATE_SWIFT_ASSET_SYMBOL_EXTENSIONS = YES;
				CLANG_ANALYZER_NONNULL = YES;
				CLANG_ANALYZER_NUMBER_OBJECT_CONVERSION = YES_AGGRESSIVE;
				CLANG_CXX_LANGUAGE_STANDARD = "gnu++20";
				CLANG_ENABLE_MODULES = YES;
				CLANG_ENABLE_OBJC_ARC = YES;
				CLANG_ENABLE_OBJC_WEAK = YES;
				CLANG_WARN_BLOCK_CAPTURE_AUTORELEASING = YES;
				CLANG_WARN_BOOL_CONVERSION = YES;
				CLANG_WARN_COMMA = YES;
				CLANG_WARN_CONSTANT_CONVERSION = YES;
				CLANG_WARN_DEPRECATED_OBJC_IMPLEMENTATIONS = YES;
				CLANG_WARN_DIRECT_OBJC_ISA_USAGE = YES_ERROR;
				CLANG_WARN_DOCUMENTATION_COMMENTS = YES;
				CLANG_WARN_EMPTY_BODY = YES;
				CLANG_WARN_ENUM_CONVERSION = YES;
				CLANG_WARN_INFINITE_RECURSION = YES;
				CLANG_WARN_INT_CONVERSION = YES;
				CLANG_WARN_NON_LITERAL_NULL_CONVERSION = YES;
				CLANG_WARN_OBJC_IMPLICIT_RETAIN_SELF = YES;
				CLANG_WARN_OBJC_LITERAL_CONVERSION = YES;
				CLANG_WARN_OBJC_ROOT_CLASS = YES_ERROR;
				CLANG_WARN_QUOTED_INCLUDE_IN_FRAMEWORK_HEADER = YES;
				CLANG_WARN_RANGE_LOOP_ANALYSIS = YES;
				CLANG_WARN_STRICT_PROTOTYPES = YES;
				CLANG_WARN_SUSPICIOUS_MOVE = YES;
				CLANG_WARN_UNGUARDED_AVAILABILITY = YES_AGGRESSIVE;
				CLANG_WARN_UNREACHABLE_CODE = YES;
				CLANG_WARN__DUPLICATE_METHOD_MATCH = YES;
				COPY_PHASE_STRIP = NO;
				DEBUG_INFORMATION_FORMAT = "dwarf-with-dsym";
				DEVELOPMENT_TEAM = NLTYK5T6U3;
				ENABLE_NS_ASSERTIONS = NO;
				ENABLE_STRICT_OBJC_MSGSEND = YES;
				ENABLE_USER_SCRIPT_SANDBOXING = YES;
				GCC_C_LANGUAGE_STANDARD = gnu17;
				GCC_NO_COMMON_BLOCKS = YES;
				GCC_WARN_64_TO_32_BIT_CONVERSION = YES;
				GCC_WARN_ABOUT_RETURN_TYPE = YES_ERROR;
				GCC_WARN_UNDECLARED_SELECTOR = YES;
				GCC_WARN_UNINITIALIZED_AUTOS = YES_AGGRESSIVE;
				GCC_WARN_UNUSED_FUNCTION = YES;
				GCC_WARN_UNUSED_VARIABLE = YES;
				IPHONEOS_DEPLOYMENT_TARGET = 26.5;
				LOCALIZATION_PREFERS_STRING_CATALOGS = YES;
				MTL_ENABLE_DEBUG_INFO = NO;
				MTL_FAST_MATH = YES;
				SDKROOT = iphoneos;
				SWIFT_COMPILATION_MODE = wholemodule;
				VALIDATE_PRODUCT = YES;
			};
			name = Release;
		};
		98B2BE8E2FC7DB4D00562FCA /* Debug */ = {
			isa = XCBuildConfiguration;
			buildSettings = {
				ASSETCATALOG_COMPILER_APPICON_NAME = AppIcon;
				ASSETCATALOG_COMPILER_GLOBAL_ACCENT_COLOR_NAME = AccentColor;
				CODE_SIGN_ENTITLEMENTS = OfflineSupportForSupabase/OfflineSupportForSupabase.entitlements;
				CODE_SIGN_STYLE = Automatic;
				CURRENT_PROJECT_VERSION = 1;
				DEVELOPMENT_TEAM = NLTYK5T6U3;
				ENABLE_PREVIEWS = YES;
				GENERATE_INFOPLIST_FILE = YES;
				INFOPLIST_KEY_UIApplicationSceneManifest_Generation = YES;
				INFOPLIST_KEY_UIApplicationSupportsIndirectInputEvents = YES;
				INFOPLIST_KEY_UILaunchScreen_Generation = YES;
				INFOPLIST_KEY_UISupportedInterfaceOrientations_iPad = "UIInterfaceOrientationPortrait UIInterfaceOrientationPortraitUpsideDown UIInterfaceOrientationLandscapeLeft UIInterfaceOrientationLandscapeRight";
				INFOPLIST_KEY_UISupportedInterfaceOrientations_iPhone = "UIInterfaceOrientationPortrait UIInterfaceOrientationLandscapeLeft UIInterfaceOrientationLandscapeRight";
				LD_RUNPATH_SEARCH_PATHS = (
					"$(inherited)",
					"@executable_path/Frameworks",
				);
				MARKETING_VERSION = 1.0;
				PRODUCT_BUNDLE_IDENTIFIER = itsuki.enjoy.OfflineSupportForSupabase;
				PRODUCT_NAME = "$(TARGET_NAME)";
				STRING_CATALOG_GENERATE_SYMBOLS = YES;
				SWIFT_APPROACHABLE_CONCURRENCY = YES;
				SWIFT_DEFAULT_ACTOR_ISOLATION = MainActor;
				SWIFT_EMIT_LOC_STRINGS = YES;
				SWIFT_UPCOMING_FEATURE_MEMBER_IMPORT_VISIBILITY = YES;
				SWIFT_VERSION = 5.0;
				TARGETED_DEVICE_FAMILY = "1,2";
			};
			name = Debug;
		};
		98B2BE8F2FC7DB4D00562FCA /* Release */ = {
			isa = XCBuildConfiguration;
			buildSettings = {
				ASSETCATALOG_COMPILER_APPICON_NAME = AppIcon;
				ASSETCATALOG_COMPILER_GLOBAL_ACCENT_COLOR_NAME = AccentColor;
				CODE_SIGN_ENTITLEMENTS = OfflineSupportForSupabase/OfflineSupportForSupabase.entitlements;
				CODE_SIGN_STYLE = Automatic;
				CURRENT_PROJECT_VERSION = 1;
				DEVELOPMENT_TEAM = NLTYK5T6U3;
				ENABLE_PREVIEWS = YES;
				GENERATE_INFOPLIST_FILE = YES;
				INFOPLIST_KEY_UIApplicationSceneManifest_Generation = YES;
				INFOPLIST_KEY_UIApplicationSupportsIndirectInputEvents = YES;
				INFOPLIST_KEY_UILaunchScreen_Generation = YES;
				INFOPLIST_KEY_UISupportedInterfaceOrientations_iPad = "UIInterfaceOrientationPortrait UIInterfaceOrientationPortraitUpsideDown UIInterfaceOrientationLandscapeLeft UIInterfaceOrientationLandscapeRight";
				INFOPLIST_KEY_UISupportedInterfaceOrientations_iPhone = "UIInterfaceOrientationPortrait UIInterfaceOrientationLandscapeLeft UIInterfaceOrientationLandscapeRight";
				LD_RUNPATH_SEARCH_PATHS = (
					"$(inherited)",
					"@executable_path/Frameworks",
				);
				MARKETING_VERSION = 1.0;
				PRODUCT_BUNDLE_IDENTIFIER = itsuki.enjoy.OfflineSupportForSupabase;
				PRODUCT_NAME = "$(TARGET_NAME)";
				STRING_CATALOG_GENERATE_SYMBOLS = YES;
				SWIFT_APPROACHABLE_CONCURRENCY = YES;
				SWIFT_DEFAULT_ACTOR_ISOLATION = MainActor;
				SWIFT_EMIT_LOC_STRINGS = YES;
				SWIFT_UPCOMING_FEATURE_MEMBER_IMPORT_VISIBILITY = YES;
				SWIFT_VERSION = 5.0;
				TARGETED_DEVICE_FAMILY = "1,2";
			};
			name = Release;
		};
/* End XCBuildConfiguration section */

/* Begin XCConfigurationList section */
		98B2BE7D2FC7DB4C00562FCA /* Build configuration list for PBXProject "OfflineSupportForSupabase" */ = {
			isa = XCConfigurationList;
			buildConfigurations = (
				98B2BE8B2FC7DB4D00562FCA /* Debug */,
				98B2BE8C2FC7DB4D00562FCA /* Release */,
			);
			defaultConfigurationIsVisible = 0;
			defaultConfigurationName = Release;
		};
		98B2BE8D2FC7DB4D00562FCA /* Build configuration list for PBXNativeTarget "OfflineSupportForSupabase" */ = {
			isa = XCConfigurationList;
			buildConfigurations = (
				98B2BE8E2FC7DB4D00562FCA /* Debug */,
				98B2BE8F2FC7DB4D00562FCA /* Release */,
			);
			defaultConfigurationIsVisible = 0;
			defaultConfigurationName = Release;
		};
/* End XCConfigurationList section */

/* Begin XCRemoteSwiftPackageReference section */
		98B2BE902FC7E64F00562FCA /* XCRemoteSwiftPackageReference "GRDB.swift" */ = {
			isa = XCRemoteSwiftPackageReference;
			repositoryURL = "https://github.com/groue/GRDB.swift.git";
			requirement = {
				branch = master;
				kind = branch;
			};
		};
		98B2BE932FC7E6A600562FCA /* XCRemoteSwiftPackageReference "supabase-swift" */ = {
			isa = XCRemoteSwiftPackageReference;
			repositoryURL = "https://github.com/supabase/supabase-swift";
			requirement = {
				kind = upToNextMajorVersion;
				minimumVersion = 2.5.1;
			};
		};
/* End XCRemoteSwiftPackageReference section */

/* Begin XCSwiftPackageProductDependency section */
		98B2BE912FC7E64F00562FCA /* GRDB */ = {
			isa = XCSwiftPackageProductDependency;
			package = 98B2BE902FC7E64F00562FCA /* XCRemoteSwiftPackageReference "GRDB.swift" */;
			productName = GRDB;
		};
		98B2BE942FC7E6A600562FCA /* Auth */ = {
			isa = XCSwiftPackageProductDependency;
			package = 98B2BE932FC7E6A600562FCA /* XCRemoteSwiftPackageReference "supabase-swift" */;
			productName = Auth;
		};
		98B2BE962FC7E6A600562FCA /* PostgREST */ = {
			isa = XCSwiftPackageProductDependency;
			package = 98B2BE932FC7E6A600562FCA /* XCRemoteSwiftPackageReference "supabase-swift" */;
			productName = PostgREST;
		};
		98B2BE982FC7E6A600562FCA /* Supabase */ = {
			isa = XCSwiftPackageProductDependency;
			package = 98B2BE932FC7E6A600562FCA /* XCRemoteSwiftPackageReference "supabase-swift" */;
			productName = Supabase;
		};
		98B2C0A42FC925C700562FCA /* Storage */ = {
			isa = XCSwiftPackageProductDependency;
			package = 98B2BE932FC7E6A600562FCA /* XCRemoteSwiftPackageReference "supabase-swift" */;
			productName = Storage;
		};
/* End XCSwiftPackageProductDependency section */
	};
	rootObject = 98B2BE7A2FC7DB4C00562FCA /* Project object */;
}
